# generated by rye
# use `rye lock` or `rye sync` to update this lockfile
#
# last locked with the following flags:
#   pre: false
#   features: []
#   all-features: false
#   with-sources: false

-e file:.
cffi==1.16.0
    # via timezonefinder
citiespy==0.5.4
    # via tz-benchmark-python
h3==3.7.6
    # via timezonefinder
iniconfig==2.0.0
    # via pytest
llvmlite==0.41.1
    # via numba
markdown-it-py==3.0.0
    # via rich
mdurl==0.1.2
    # via markdown-it-py
numba==0.58.1
    # via timezonefinder
numpy==1.26.4
    # via numba
    # via timezonefinder
packaging==23.2
    # via pytest
pluggy==1.4.0
    # via pytest
py-cpuinfo==9.0.0
    # via pytest-benchmark
pycparser==2.21
    # via cffi
pygments==2.17.2
    # via rich
pytest==8.0.0
    # via pytest-benchmark
    # via pytest-pretty
    # via tz-benchmark-python
pytest-benchmark==4.0.0
    # via tz-benchmark-python
pytest-pretty==1.2.0
    # via tz-benchmark-python
rich==13.7.0
    # via pytest-pretty
setuptools==69.1.0
    # via timezonefinder
timezonefinder==6.4.1
    # via tz-benchmark-python
tzfpy==0.15.3
    # via tz-benchmark-python
